
Microsoft Visual Studio Solution File, Format Version 12.00
# Visual Studio Version 17
VisualStudioVersion = 17.11.35208.52
MinimumVisualStudioVersion = 10.0.40219.1
Project("{9A19103F-16F7-4668-BE54-9A1E7A4F7556}") = "JV_Lect1", "JV_Lect1\JV_Lect1.csproj", "{CE3D05A7-DE6F-4E9B-90E7-42B64978343C}"
EndProject
Project("{9A19103F-16F7-4668-BE54-9A1E7A4F7556}") = "JV_Lect2", "JV_Lect2\JV_Lect2.csproj", "{82B763B5-B3AC-4246-8808-ED47981F9E58}"
EndProject
Project("{9A19103F-16F7-4668-BE54-9A1E7A4F7556}") = "JV_Lect3", "JV_Lect3\JV_Lect3.csproj", "{6001A6BC-D5FE-4703-BEE7-8EC0FCDAFF0C}"
EndProject
Project("{9A19103F-16F7-4668-BE54-9A1E7A4F7556}") = "JQuere_Lect4", "JQuere_Lect4\JQuere_Lect4.csproj", "{A6E32FCC-0A71-420F-AD62-D05EC10EAAC7}"
EndProject
Project("{9A19103F-16F7-4668-BE54-9A1E7A4F7556}") = "JQuere_Lect5", "JQuere_Lect5\JQuere_Lect5.csproj", "{29E55B4C-A891-4F61-8ACB-649EF788F472}"
EndProject
Global
	GlobalSection(SolutionConfigurationPlatforms) = preSolution
		Debug|Any CPU = Debug|Any CPU
		Release|Any CPU = Release|Any CPU
	EndGlobalSection
	GlobalSection(ProjectConfigurationPlatforms) = postSolution
		{CE3D05A7-DE6F-4E9B-90E7-42B64978343C}.Debug|Any CPU.ActiveCfg = Debug|Any CPU
		{CE3D05A7-DE6F-4E9B-90E7-42B64978343C}.Debug|Any CPU.Build.0 = Debug|Any CPU
		{CE3D05A7-DE6F-4E9B-90E7-42B64978343C}.Release|Any CPU.ActiveCfg = Release|Any CPU
		{CE3D05A7-DE6F-4E9B-90E7-42B64978343C}.Release|Any CPU.Build.0 = Release|Any CPU
		{82B763B5-B3AC-4246-8808-ED47981F9E58}.Debug|Any CPU.ActiveCfg = Debug|Any CPU
		{82B763B5-B3AC-4246-8808-ED47981F9E58}.Debug|Any CPU.Build.0 = Debug|Any CPU
		{82B763B5-B3AC-4246-8808-ED47981F9E58}.Release|Any CPU.ActiveCfg = Release|Any CPU
		{82B763B5-B3AC-4246-8808-ED47981F9E58}.Release|Any CPU.Build.0 = Release|Any CPU
		{6001A6BC-D5FE-4703-BEE7-8EC0FCDAFF0C}.Debug|Any CPU.ActiveCfg = Debug|Any CPU
		{6001A6BC-D5FE-4703-BEE7-8EC0FCDAFF0C}.Debug|Any CPU.Build.0 = Debug|Any CPU
		{6001A6BC-D5FE-4703-BEE7-8EC0FCDAFF0C}.Release|Any CPU.ActiveCfg = Release|Any CPU
		{6001A6BC-D5FE-4703-BEE7-8EC0FCDAFF0C}.Release|Any CPU.Build.0 = Release|Any CPU
		{A6E32FCC-0A71-420F-AD62-D05EC10EAAC7}.Debug|Any CPU.ActiveCfg = Debug|Any CPU
		{A6E32FCC-0A71-420F-AD62-D05EC10EAAC7}.Debug|Any CPU.Build.0 = Debug|Any CPU
		{A6E32FCC-0A71-420F-AD62-D05EC10EAAC7}.Release|Any CPU.ActiveCfg = Release|Any CPU
		{A6E32FCC-0A71-420F-AD62-D05EC10EAAC7}.Release|Any CPU.Build.0 = Release|Any CPU
		{29E55B4C-A891-4F61-8ACB-649EF788F472}.Debug|Any CPU.ActiveCfg = Debug|Any CPU
		{29E55B4C-A891-4F61-8ACB-649EF788F472}.Debug|Any CPU.Build.0 = Debug|Any CPU
		{29E55B4C-A891-4F61-8ACB-649EF788F472}.Release|Any CPU.ActiveCfg = Release|Any CPU
		{29E55B4C-A891-4F61-8ACB-649EF788F472}.Release|Any CPU.Build.0 = Release|Any CPU
	EndGlobalSection
	GlobalSection(SolutionProperties) = preSolution
		HideSolutionNode = FALSE
	EndGlobalSection
	GlobalSection(ExtensibilityGlobals) = postSolution
		SolutionGuid = {28160651-4235-41CA-9DD0-06C719DFE1AE}
	EndGlobalSection
EndGlobal
